// !$*UTF8*$!
{
	archiveVersion = 1;
	classes = {
	};
	objectVersion = 56;
	objects = {

/* Begin PBXBuildFile section */
		734ACD442C5C1EA6005EE483 /* CrewView.swift in Sources */ = {isa = PBXBuildFile; fileRef = 734ACD432C5C1EA6005EE483 /* CrewView.swift */; };
		734ACD462C5C1F7E005EE483 /* GridLayout.swift in Sources */ = {isa = PBXBuildFile; fileRef = 734ACD452C5C1F7E005EE483 /* GridLayout.swift */; };
		734ACD482C5C1FDD005EE483 /* ListLayout.swift in Sources */ = {isa = PBXBuildFile; fileRef = 734ACD472C5C1FDD005EE483 /* ListLayout.swift */; };
		73B8A0592C58BB250038CEAE /* MoonshotApp.swift in Sources */ = {isa = PBXBuildFile; fileRef = 73B8A0582C58BB250038CEAE /* MoonshotApp.swift */; };
		73B8A05B2C58BB250038CEAE /* ContentView.swift in Sources */ = {isa = PBXBuildFile; fileRef = 73B8A05A2C58BB250038CEAE /* ContentView.swift */; };
		73B8A05D2C58BB260038CEAE /* Assets.xcassets in Resources */ = {isa = PBXBuildFile; fileRef = 73B8A05C2C58BB260038CEAE /* Assets.xcassets */; };
		73B8A0602C58BB260038CEAE /* Preview Assets.xcassets in Resources */ = {isa = PBXBuildFile; fileRef = 73B8A05F2C58BB260038CEAE /* Preview Assets.xcassets */; };
		73B8A0672C58BD220038CEAE /* Astronaut.swift in Sources */ = {isa = PBXBuildFile; fileRef = 73B8A0662C58BD220038CEAE /* Astronaut.swift */; };
		73B8A0692C58BD330038CEAE /* Bundle+Decodable.swift in Sources */ = {isa = PBXBuildFile; fileRef = 73B8A0682C58BD330038CEAE /* Bundle+Decodable.swift */; };
		73B8A06C2C58BDA20038CEAE /* missions.json in Resources */ = {isa = PBXBuildFile; fileRef = 73B8A06A2C58BDA20038CEAE /* missions.json */; };
		73B8A06D2C58BDA20038CEAE /* astronauts.json in Resources */ = {isa = PBXBuildFile; fileRef = 73B8A06B2C58BDA20038CEAE /* astronauts.json */; };
		73B8A06F2C58BE480038CEAE /* Mission.swift in Sources */ = {isa = PBXBuildFile; fileRef = 73B8A06E2C58BE480038CEAE /* Mission.swift */; };
		73B8A0712C58BEAB0038CEAE /* MissionView.swift in Sources */ = {isa = PBXBuildFile; fileRef = 73B8A0702C58BEAB0038CEAE /* MissionView.swift */; };
		73B8A0732C58BED50038CEAE /* AstronautView.swift in Sources */ = {isa = PBXBuildFile; fileRef = 73B8A0722C58BED50038CEAE /* AstronautView.swift */; };
		73B8A0752C58BF8B0038CEAE /* ColorTheme.swift in Sources */ = {isa = PBXBuildFile; fileRef = 73B8A0742C58BF8B0038CEAE /* ColorTheme.swift */; };
/* End PBXBuildFile section */

/* Begin PBXFileReference section */
		734ACD432C5C1EA6005EE483 /* CrewView.swift */ = {isa = PBXFileReference; lastKnownFileType = sourcecode.swift; path = CrewView.swift; sourceTree = "<group>"; };
		734ACD452C5C1F7E005EE483 /* GridLayout.swift */ = {isa = PBXFileReference; lastKnownFileType = sourcecode.swift; path = GridLayout.swift; sourceTree = "<group>"; };
		734ACD472C5C1FDD005EE483 /* ListLayout.swift */ = {isa = PBXFileReference; lastKnownFileType = sourcecode.swift; path = ListLayout.swift; sourceTree = "<group>"; };
		73B8A0552C58BB250038CEAE /* Moonshot.app */ = {isa = PBXFileReference; explicitFileType = wrapper.application; includeInIndex = 0; path = Moonshot.app; sourceTree = BUILT_PRODUCTS_DIR; };
		73B8A0582C58BB250038CEAE /* MoonshotApp.swift */ = {isa = PBXFileReference; lastKnownFileType = sourcecode.swift; path = MoonshotApp.swift; sourceTree = "<group>"; };
		73B8A05A2C58BB250038CEAE /* ContentView.swift */ = {isa = PBXFileReference; lastKnownFileType = sourcecode.swift; path = ContentView.swift; sourceTree = "<group>"; };
		73B8A05C2C58BB260038CEAE /* Assets.xcassets */ = {isa = PBXFileReference; lastKnownFileType = folder.assetcatalog; path = Assets.xcassets; sourceTree = "<group>"; };
		73B8A05F2C58BB260038CEAE /* Preview Assets.xcassets */ = {isa = PBXFileReference; lastKnownFileType = folder.assetcatalog; path = "Preview Assets.xcassets"; sourceTree = "<group>"; };
		73B8A0662C58BD220038CEAE /* Astronaut.swift */ = {isa = PBXFileReference; lastKnownFileType = sourcecode.swift; path = Astronaut.swift; sourceTree = "<group>"; };
		73B8A0682C58BD330038CEAE /* Bundle+Decodable.swift */ = {isa = PBXFileReference; lastKnownFileType = sourcecode.swift; path = "Bundle+Decodable.swift"; sourceTree = "<group>"; };
		73B8A06A2C58BDA20038CEAE /* missions.json */ = {isa = PBXFileReference; fileEncoding = 4; lastKnownFileType = text.json; path = missions.json; sourceTree = "<group>"; };
		73B8A06B2C58BDA20038CEAE /* astronauts.json */ = {isa = PBXFileReference; fileEncoding = 4; lastKnownFileType = text.json; path = astronauts.json; sourceTree = "<group>"; };
		73B8A06E2C58BE480038CEAE /* Mission.swift */ = {isa = PBXFileReference; lastKnownFileType = sourcecode.swift; path = Mission.swift; sourceTree = "<group>"; };
		73B8A0702C58BEAB0038CEAE /* MissionView.swift */ = {isa = PBXFileReference; lastKnownFileType = sourcecode.swift; path = MissionView.swift; sourceTree = "<group>"; };
		73B8A0722C58BED50038CEAE /* AstronautView.swift */ = {isa = PBXFileReference; lastKnownFileType = sourcecode.swift; path = AstronautView.swift; sourceTree = "<group>"; };
		73B8A0742C58BF8B0038CEAE /* ColorTheme.swift */ = {isa = PBXFileReference; lastKnownFileType = sourcecode.swift; path = ColorTheme.swift; sourceTree = "<group>"; };
/* End PBXFileReference section */

/* Begin PBXFrameworksBuildPhase section */
		73B8A0522C58BB250038CEAE /* Frameworks */ = {
			isa = PBXFrameworksBuildPhase;
			buildActionMask = 2147483647;
			files = (
			);
			runOnlyForDeploymentPostprocessing = 0;
		};
/* End PBXFrameworksBuildPhase section */

/* Begin PBXGroup section */
		73B8A04C2C58BB250038CEAE = {
			isa = PBXGroup;
			children = (
				73B8A0572C58BB250038CEAE /* Moonshot */,
				73B8A0562C58BB250038CEAE /* Products */,
			);
			sourceTree = "<group>";
		};
		73B8A0562C58BB250038CEAE /* Products */ = {
			isa = PBXGroup;
			children = (
				73B8A0552C58BB250038CEAE /* Moonshot.app */,
			);
			name = Products;
			sourceTree = "<group>";
		};
		73B8A0572C58BB250038CEAE /* Moonshot */ = {
			isa = PBXGroup;
			children = (
				73B8A0582C58BB250038CEAE /* MoonshotApp.swift */,
				73B8A0682C58BD330038CEAE /* Bundle+Decodable.swift */,
				73B8A05A2C58BB250038CEAE /* ContentView.swift */,
				734ACD472C5C1FDD005EE483 /* ListLayout.swift */,
				73B8A0702C58BEAB0038CEAE /* MissionView.swift */,
				73B8A06B2C58BDA20038CEAE /* astronauts.json */,
				73B8A06A2C58BDA20038CEAE /* missions.json */,
				73B8A05C2C58BB260038CEAE /* Assets.xcassets */,
				73B8A05E2C58BB260038CEAE /* Preview Content */,
				73B8A0662C58BD220038CEAE /* Astronaut.swift */,
				73B8A06E2C58BE480038CEAE /* Mission.swift */,
				73B8A0722C58BED50038CEAE /* AstronautView.swift */,
				73B8A0742C58BF8B0038CEAE /* ColorTheme.swift */,
				734ACD432C5C1EA6005EE483 /* CrewView.swift */,
				734ACD452C5C1F7E005EE483 /* GridLayout.swift */,
			);
			path = Moonshot;
			sourceTree = "<group>";
		};
		73B8A05E2C58BB260038CEAE /* Preview Content */ = {
			isa = PBXGroup;
			children = (
				73B8A05F2C58BB260038CEAE /* Preview Assets.xcassets */,
			);
			path = "Preview Content";
			sourceTree = "<group>";
		};
/* End PBXGroup section */

/* Begin PBXNativeTarget section */
		73B8A0542C58BB250038CEAE /* Moonshot */ = {
			isa = PBXNativeTarget;
			buildConfigurationList = 73B8A0632C58BB260038CEAE /* Build configuration list for PBXNativeTarget "Moonshot" */;
			buildPhases = (
				73B8A0512C58BB250038CEAE /* Sources */,
				73B8A0522C58BB250038CEAE /* Frameworks */,
				73B8A0532C58BB250038CEAE /* Resources */,
			);
			buildRules = (
			);
			dependencies = (
			);
			name = Moonshot;
			productName = Moonshot;
			productReference = 73B8A0552C58BB250038CEAE /* Moonshot.app */;
			productType = "com.apple.product-type.application";
		};
/* End PBXNativeTarget section */

/* Begin PBXProject section */
		73B8A04D2C58BB250038CEAE /* Project object */ = {
			isa = PBXProject;
			attributes = {
				BuildIndependentTargetsInParallel = 1;
				LastSwiftUpdateCheck = 1540;
				LastUpgradeCheck = 1540;
				TargetAttributes = {
					73B8A0542C58BB250038CEAE = {
						CreatedOnToolsVersion = 15.4;
					};
				};
			};
			buildConfigurationList = 73B8A0502C58BB250038CEAE /* Build configuration list for PBXProject "Moonshot" */;
			compatibilityVersion = "Xcode 14.0";
			developmentRegion = en;
			hasScannedForEncodings = 0;
			knownRegions = (
				en,
				Base,
			);
			mainGroup = 73B8A04C2C58BB250038CEAE;
			productRefGroup = 73B8A0562C58BB250038CEAE /* Products */;
			projectDirPath = "";
			projectRoot = "";
			targets = (
				73B8A0542C58BB250038CEAE /* Moonshot */,
			);
		};
/* End PBXProject section */

/* Begin PBXResourcesBuildPhase section */
		73B8A0532C58BB250038CEAE /* Resources */ = {
			isa = PBXResourcesBuildPhase;
			buildActionMask = 2147483647;
			files = (
				73B8A0602C58BB260038CEAE /* Preview Assets.xcassets in Resources */,
				73B8A06C2C58BDA20038CEAE /* missions.json in Resources */,
				73B8A05D2C58BB260038CEAE /* Assets.xcassets in Resources */,
				73B8A06D2C58BDA20038CEAE /* astronauts.json in Resources */,
			);
			runOnlyForDeploymentPostprocessing = 0;
		};
/* End PBXResourcesBuildPhase section */

/* Begin PBXSourcesBuildPhase section */
		73B8A0512C58BB250038CEAE /* Sources */ = {
			isa = PBXSourcesBuildPhase;
			buildActionMask = 2147483647;
			files = (
				73B8A0732C58BED50038CEAE /* AstronautView.swift in Sources */,
				734ACD442C5C1EA6005EE483 /* CrewView.swift in Sources */,
				73B8A0672C58BD220038CEAE /* Astronaut.swift in Sources */,
				73B8A0692C58BD330038CEAE /* Bundle+Decodable.swift in Sources */,
				73B8A05B2C58BB250038CEAE /* ContentView.swift in Sources */,
				73B8A06F2C58BE480038CEAE /* Mission.swift in Sources */,
				73B8A0752C58BF8B0038CEAE /* ColorTheme.swift in Sources */,
				734ACD462C5C1F7E005EE483 /* GridLayout.swift in Sources */,
				734ACD482C5C1FDD005EE483 /* ListLayout.swift in Sources */,
				73B8A0592C58BB250038CEAE /* MoonshotApp.swift in Sources */,
				73B8A0712C58BEAB0038CEAE /* MissionView.swift in Sources */,
			);
			runOnlyForDeploymentPostprocessing = 0;
		};
/* End PBXSourcesBuildPhase section */

/* Begin XCBuildConfiguration section */
		73B8A0612C58BB260038CEAE /* Debug */ = {
			isa = XCBuildConfiguration;
			buildSettings = {
				ALWAYS_SEARCH_USER_PATHS = NO;
				ASSETCATALOG_COMPILER_GENERATE_SWIFT_ASSET_SYMBOL_EXTENSIONS = YES;
				CLANG_ANALYZER_NONNULL = YES;
				CLANG_ANALYZER_NUMBER_OBJECT_CONVERSION = YES_AGGRESSIVE;
				CLANG_CXX_LANGUAGE_STANDARD = "gnu++20";
				CLANG_ENABLE_MODULES = YES;
				CLANG_ENABLE_OBJC_ARC = YES;
				CLANG_ENABLE_OBJC_WEAK = YES;
				CLANG_WARN_BLOCK_CAPTURE_AUTORELEASING = YES;
				CLANG_WARN_BOOL_CONVERSION = YES;
				CLANG_WARN_COMMA = YES;
				CLANG_WARN_CONSTANT_CONVERSION = YES;
				CLANG_WARN_DEPRECATED_OBJC_IMPLEMENTATIONS = YES;
				CLANG_WARN_DIRECT_OBJC_ISA_USAGE = YES_ERROR;
				CLANG_WARN_DOCUMENTATION_COMMENTS = YES;
				CLANG_WARN_EMPTY_BODY = YES;
				CLANG_WARN_ENUM_CONVERSION = YES;
				CLANG_WARN_INFINITE_RECURSION = YES;
				CLANG_WARN_INT_CONVERSION = YES;
				CLANG_WARN_NON_LITERAL_NULL_CONVERSION = YES;
				CLANG_WARN_OBJC_IMPLICIT_RETAIN_SELF = YES;
				CLANG_WARN_OBJC_LITERAL_CONVERSION = YES;
				CLANG_WARN_OBJC_ROOT_CLASS = YES_ERROR;
				CLANG_WARN_QUOTED_INCLUDE_IN_FRAMEWORK_HEADER = YES;
				CLANG_WARN_RANGE_LOOP_ANALYSIS = YES;
				CLANG_WARN_STRICT_PROTOTYPES = YES;
				CLANG_WARN_SUSPICIOUS_MOVE = YES;
				CLANG_WARN_UNGUARDED_AVAILABILITY = YES_AGGRESSIVE;
				CLANG_WARN_UNREACHABLE_CODE = YES;
				CLANG_WARN__DUPLICATE_METHOD_MATCH = YES;
				COPY_PHASE_STRIP = NO;
				DEBUG_INFORMATION_FORMAT = dwarf;
				ENABLE_STRICT_OBJC_MSGSEND = YES;
				ENABLE_TESTABILITY = YES;
				ENABLE_USER_SCRIPT_SANDBOXING = YES;
				GCC_C_LANGUAGE_STANDARD = gnu17;
				GCC_DYNAMIC_NO_PIC = NO;
				GCC_NO_COMMON_BLOCKS = YES;
				GCC_OPTIMIZATION_LEVEL = 0;
				GCC_PREPROCESSOR_DEFINITIONS = (
					"DEBUG=1",
					"$(inherited)",
				);
				GCC_WARN_64_TO_32_BIT_CONVERSION = YES;
				GCC_WARN_ABOUT_RETURN_TYPE = YES_ERROR;
				GCC_WARN_UNDECLARED_SELECTOR = YES;
				GCC_WARN_UNINITIALIZED_AUTOS = YES_AGGRESSIVE;
				GCC_WARN_UNUSED_FUNCTION = YES;
				GCC_WARN_UNUSED_VARIABLE = YES;
				IPHONEOS_DEPLOYMENT_TARGET = 17.5;
				LOCALIZATION_PREFERS_STRING_CATALOGS = YES;
				MTL_ENABLE_DEBUG_INFO = INCLUDE_SOURCE;
				MTL_FAST_MATH = YES;
				ONLY_ACTIVE_ARCH = YES;
				SDKROOT = iphoneos;
				SWIFT_ACTIVE_COMPILATION_CONDITIONS = "DEBUG $(inherited)";
				SWIFT_OPTIMIZATION_LEVEL = "-Onone";
			};
			name = Debug;
		};
		73B8A0622C58BB260038CEAE /* Release */ = {
			isa = XCBuildConfiguration;
			buildSettings = {
				ALWAYS_SEARCH_USER_PATHS = NO;
				ASSETCATALOG_COMPILER_GENERATE_SWIFT_ASSET_SYMBOL_EXTENSIONS = YES;
				CLANG_ANALYZER_NONNULL = YES;
				CLANG_ANALYZER_NUMBER_OBJECT_CONVERSION = YES_AGGRESSIVE;
				CLANG_CXX_LANGUAGE_STANDARD = "gnu++20";
				CLANG_ENABLE_MODULES = YES;
				CLANG_ENABLE_OBJC_ARC = YES;
				CLANG_ENABLE_OBJC_WEAK = YES;
				CLANG_WARN_BLOCK_CAPTURE_AUTORELEASING = YES;
				CLANG_WARN_BOOL_CONVERSION = YES;
				CLANG_WARN_COMMA = YES;
				CLANG_WARN_CONSTANT_CONVERSION = YES;
				CLANG_WARN_DEPRECATED_OBJC_IMPLEMENTATIONS = YES;
				CLANG_WARN_DIRECT_OBJC_ISA_USAGE = YES_ERROR;
				CLANG_WARN_DOCUMENTATION_COMMENTS = YES;
				CLANG_WARN_EMPTY_BODY = YES;
				CLANG_WARN_ENUM_CONVERSION = YES;
				CLANG_WARN_INFINITE_RECURSION = YES;
				CLANG_WARN_INT_CONVERSION = YES;
				CLANG_WARN_NON_LITERAL_NULL_CONVERSION = YES;
				CLANG_WARN_OBJC_IMPLICIT_RETAIN_SELF = YES;
				CLANG_WARN_OBJC_LITERAL_CONVERSION = YES;
				CLANG_WARN_OBJC_ROOT_CLASS = YES_ERROR;
				CLANG_WARN_QUOTED_INCLUDE_IN_FRAMEWORK_HEADER = YES;
				CLANG_WARN_RANGE_LOOP_ANALYSIS = YES;
				CLANG_WARN_STRICT_PROTOTYPES = YES;
				CLANG_WARN_SUSPICIOUS_MOVE = YES;
				CLANG_WARN_UNGUARDED_AVAILABILITY = YES_AGGRESSIVE;
				CLANG_WARN_UNREACHABLE_CODE = YES;
				CLANG_WARN__DUPLICATE_METHOD_MATCH = YES;
				COPY_PHASE_STRIP = NO;
				DEBUG_INFORMATION_FORMAT = "dwarf-with-dsym";
				ENABLE_NS_ASSERTIONS = NO;
				ENABLE_STRICT_OBJC_MSGSEND = YES;
				ENABLE_USER_SCRIPT_SANDBOXING = YES;
				GCC_C_LANGUAGE_STANDARD = gnu17;
				GCC_NO_COMMON_BLOCKS = YES;
				GCC_WARN_64_TO_32_BIT_CONVERSION = YES;
				GCC_WARN_ABOUT_RETURN_TYPE = YES_ERROR;
				GCC_WARN_UNDECLARED_SELECTOR = YES;
				GCC_WARN_UNINITIALIZED_AUTOS = YES_AGGRESSIVE;
				GCC_WARN_UNUSED_FUNCTION = YES;
				GCC_WARN_UNUSED_VARIABLE = YES;
				IPHONEOS_DEPLOYMENT_TARGET = 17.5;
				LOCALIZATION_PREFERS_STRING_CATALOGS = YES;
				MTL_ENABLE_DEBUG_INFO = NO;
				MTL_FAST_MATH = YES;
				SDKROOT = iphoneos;
				SWIFT_COMPILATION_MODE = wholemodule;
				VALIDATE_PRODUCT = YES;
			};
			name = Release;
		};
		73B8A0642C58BB260038CEAE /* Debug */ = {
			isa = XCBuildConfiguration;
			buildSettings = {
				ASSETCATALOG_COMPILER_APPICON_NAME = AppIcon;
				ASSETCATALOG_COMPILER_GLOBAL_ACCENT_COLOR_NAME = AccentColor;
				CODE_SIGN_STYLE = Automatic;
				CURRENT_PROJECT_VERSION = 1;
				DEVELOPMENT_ASSET_PATHS = "\"Moonshot/Preview Content\"";
				ENABLE_PREVIEWS = YES;
				GENERATE_INFOPLIST_FILE = YES;
				INFOPLIST_KEY_UIApplicationSceneManifest_Generation = YES;
				INFOPLIST_KEY_UIApplicationSupportsIndirectInputEvents = YES;
				INFOPLIST_KEY_UILaunchScreen_Generation = YES;
				INFOPLIST_KEY_UISupportedInterfaceOrientations_iPad = "UIInterfaceOrientationPortrait UIInterfaceOrientationPortraitUpsideDown UIInterfaceOrientationLandscapeLeft UIInterfaceOrientationLandscapeRight";
				INFOPLIST_KEY_UISupportedInterfaceOrientations_iPhone = "UIInterfaceOrientationPortrait UIInterfaceOrientationLandscapeLeft UIInterfaceOrientationLandscapeRight";
				LD_RUNPATH_SEARCH_PATHS = (
					"$(inherited)",
					"@executable_path/Frameworks",
				);
				MARKETING_VERSION = 1.0;
				PRODUCT_BUNDLE_IDENTIFIER = com.jobnte.Moonshot;
				PRODUCT_NAME = "$(TARGET_NAME)";
				SWIFT_EMIT_LOC_STRINGS = YES;
				SWIFT_VERSION = 5.0;
				TARGETED_DEVICE_FAMILY = "1,2";
			};
			name = Debug;
		};
		73B8A0652C58BB260038CEAE /* Release */ = {
			isa = XCBuildConfiguration;
			buildSettings = {
				ASSETCATALOG_COMPILER_APPICON_NAME = AppIcon;
				ASSETCATALOG_COMPILER_GLOBAL_ACCENT_COLOR_NAME = AccentColor;
				CODE_SIGN_STYLE = Automatic;
				CURRENT_PROJECT_VERSION = 1;
				DEVELOPMENT_ASSET_PATHS = "\"Moonshot/Preview Content\"";
				ENABLE_PREVIEWS = YES;
				GENERATE_INFOPLIST_FILE = YES;
				INFOPLIST_KEY_UIApplicationSceneManifest_Generation = YES;
				INFOPLIST_KEY_UIApplicationSupportsIndirectInputEvents = YES;
				INFOPLIST_KEY_UILaunchScreen_Generation = YES;
				INFOPLIST_KEY_UISupportedInterfaceOrientations_iPad = "UIInterfaceOrientationPortrait UIInterfaceOrientationPortraitUpsideDown UIInterfaceOrientationLandscapeLeft UIInterfaceOrientationLandscapeRight";
				INFOPLIST_KEY_UISupportedInterfaceOrientations_iPhone = "UIInterfaceOrientationPortrait UIInterfaceOrientationLandscapeLeft UIInterfaceOrientationLandscapeRight";
				LD_RUNPATH_SEARCH_PATHS = (
					"$(inherited)",
					"@executable_path/Frameworks",
				);
				MARKETING_VERSION = 1.0;
				PRODUCT_BUNDLE_IDENTIFIER = com.jobnte.Moonshot;
				PRODUCT_NAME = "$(TARGET_NAME)";
				SWIFT_EMIT_LOC_STRINGS = YES;
				SWIFT_VERSION = 5.0;
				TARGETED_DEVICE_FAMILY = "1,2";
			};
			name = Release;
		};
/* End XCBuildConfiguration section */

/* Begin XCConfigurationList section */
		73B8A0502C58BB250038CEAE /* Build configuration list for PBXProject "Moonshot" */ = {
			isa = XCConfigurationList;
			buildConfigurations = (
				73B8A0612C58BB260038CEAE /* Debug */,
				73B8A0622C58BB260038CEAE /* Release */,
			);
			defaultConfigurationIsVisible = 0;
			defaultConfigurationName = Release;
		};
		73B8A0632C58BB260038CEAE /* Build configuration list for PBXNativeTarget "Moonshot" */ = {
			isa = XCConfigurationList;
			buildConfigurations = (
				73B8A0642C58BB260038CEAE /* Debug */,
				73B8A0652C58BB260038CEAE /* Release */,
			);
			defaultConfigurationIsVisible = 0;
			defaultConfigurationName = Release;
		};
/* End XCConfigurationList section */
	};
	rootObject = 73B8A04D2C58BB250038CEAE /* Project object */;
}
