// !$*UTF8*$!
{
	archiveVersion = 1;
	classes = {
	};
	objectVersion = 56;
	objects = {

/* Begin PBXBuildFile section */
		733BE0F52C4E42BC004D0FA7 /* MeasurementFormatter+Ext.swift in Sources */ = {isa = PBXBuildFile; fileRef = 733BE0F42C4E42BC004D0FA7 /* MeasurementFormatter+Ext.swift */; };
		73E596562C4A2932009A80B2 /* WeatherlyApp.swift in Sources */ = {isa = PBXBuildFile; fileRef = 73E596552C4A2932009A80B2 /* WeatherlyApp.swift */; };
		73E596582C4A2932009A80B2 /* ContentView.swift in Sources */ = {isa = PBXBuildFile; fileRef = 73E596572C4A2932009A80B2 /* ContentView.swift */; };
		73E5965A2C4A2934009A80B2 /* Assets.xcassets in Resources */ = {isa = PBXBuildFile; fileRef = 73E596592C4A2934009A80B2 /* Assets.xcassets */; };
		73E5965D2C4A2934009A80B2 /* Preview Assets.xcassets in Resources */ = {isa = PBXBuildFile; fileRef = 73E5965C2C4A2934009A80B2 /* Preview Assets.xcassets */; };
		73E596652C4A2954009A80B2 /* Location.swift in Sources */ = {isa = PBXBuildFile; fileRef = 73E596642C4A2954009A80B2 /* Location.swift */; };
		73E596672C4A29EB009A80B2 /* Weather.swift in Sources */ = {isa = PBXBuildFile; fileRef = 73E596662C4A29EB009A80B2 /* Weather.swift */; };
		73E5966A2C4A2A74009A80B2 /* APIEndpoint.swift in Sources */ = {isa = PBXBuildFile; fileRef = 73E596692C4A2A74009A80B2 /* APIEndpoint.swift */; };
		73E5966D2C4A2FCC009A80B2 /* Constants.swift in Sources */ = {isa = PBXBuildFile; fileRef = 73E5966C2C4A2FCC009A80B2 /* Constants.swift */; };
		73E5966F2C4A30F1009A80B2 /* GeocodingClient.swift in Sources */ = {isa = PBXBuildFile; fileRef = 73E5966E2C4A30F1009A80B2 /* GeocodingClient.swift */; };
		73E596712C4A31F9009A80B2 /* WeatherClient.swift in Sources */ = {isa = PBXBuildFile; fileRef = 73E596702C4A31F9009A80B2 /* WeatherClient.swift */; };
/* End PBXBuildFile section */

/* Begin PBXFileReference section */
		733BE0F42C4E42BC004D0FA7 /* MeasurementFormatter+Ext.swift */ = {isa = PBXFileReference; lastKnownFileType = sourcecode.swift; path = "MeasurementFormatter+Ext.swift"; sourceTree = "<group>"; };
		73E596522C4A2932009A80B2 /* Weatherly.app */ = {isa = PBXFileReference; explicitFileType = wrapper.application; includeInIndex = 0; path = Weatherly.app; sourceTree = BUILT_PRODUCTS_DIR; };
		73E596552C4A2932009A80B2 /* WeatherlyApp.swift */ = {isa = PBXFileReference; lastKnownFileType = sourcecode.swift; path = WeatherlyApp.swift; sourceTree = "<group>"; };
		73E596572C4A2932009A80B2 /* ContentView.swift */ = {isa = PBXFileReference; lastKnownFileType = sourcecode.swift; path = ContentView.swift; sourceTree = "<group>"; };
		73E596592C4A2934009A80B2 /* Assets.xcassets */ = {isa = PBXFileReference; lastKnownFileType = folder.assetcatalog; path = Assets.xcassets; sourceTree = "<group>"; };
		73E5965C2C4A2934009A80B2 /* Preview Assets.xcassets */ = {isa = PBXFileReference; lastKnownFileType = folder.assetcatalog; path = "Preview Assets.xcassets"; sourceTree = "<group>"; };
		73E596642C4A2954009A80B2 /* Location.swift */ = {isa = PBXFileReference; lastKnownFileType = sourcecode.swift; path = Location.swift; sourceTree = "<group>"; };
		73E596662C4A29EB009A80B2 /* Weather.swift */ = {isa = PBXFileReference; lastKnownFileType = sourcecode.swift; path = Weather.swift; sourceTree = "<group>"; };
		73E596692C4A2A74009A80B2 /* APIEndpoint.swift */ = {isa = PBXFileReference; lastKnownFileType = sourcecode.swift; path = APIEndpoint.swift; sourceTree = "<group>"; };
		73E5966C2C4A2FCC009A80B2 /* Constants.swift */ = {isa = PBXFileReference; lastKnownFileType = sourcecode.swift; path = Constants.swift; sourceTree = "<group>"; };
		73E5966E2C4A30F1009A80B2 /* GeocodingClient.swift */ = {isa = PBXFileReference; lastKnownFileType = sourcecode.swift; path = GeocodingClient.swift; sourceTree = "<group>"; };
		73E596702C4A31F9009A80B2 /* WeatherClient.swift */ = {isa = PBXFileReference; lastKnownFileType = sourcecode.swift; path = WeatherClient.swift; sourceTree = "<group>"; };
/* End PBXFileReference section */

/* Begin PBXFrameworksBuildPhase section */
		73E5964F2C4A2932009A80B2 /* Frameworks */ = {
			isa = PBXFrameworksBuildPhase;
			buildActionMask = 2147483647;
			files = (
			);
			runOnlyForDeploymentPostprocessing = 0;
		};
/* End PBXFrameworksBuildPhase section */

/* Begin PBXGroup section */
		733BE0F32C4E42B5004D0FA7 /* Extensions */ = {
			isa = PBXGroup;
			children = (
				733BE0F42C4E42BC004D0FA7 /* MeasurementFormatter+Ext.swift */,
			);
			path = Extensions;
			sourceTree = "<group>";
		};
		73E596492C4A2932009A80B2 = {
			isa = PBXGroup;
			children = (
				73E596542C4A2932009A80B2 /* Weatherly */,
				73E596532C4A2932009A80B2 /* Products */,
			);
			sourceTree = "<group>";
		};
		73E596532C4A2932009A80B2 /* Products */ = {
			isa = PBXGroup;
			children = (
				73E596522C4A2932009A80B2 /* Weatherly.app */,
			);
			name = Products;
			sourceTree = "<group>";
		};
		73E596542C4A2932009A80B2 /* Weatherly */ = {
			isa = PBXGroup;
			children = (
				733BE0F32C4E42B5004D0FA7 /* Extensions */,
				73E5966B2C4A2FC5009A80B2 /* Utilities */,
				73E596682C4A2A61009A80B2 /* Clients */,
				73E596632C4A293B009A80B2 /* Models */,
				73E596552C4A2932009A80B2 /* WeatherlyApp.swift */,
				73E596572C4A2932009A80B2 /* ContentView.swift */,
				73E596592C4A2934009A80B2 /* Assets.xcassets */,
				73E5965B2C4A2934009A80B2 /* Preview Content */,
			);
			path = Weatherly;
			sourceTree = "<group>";
		};
		73E5965B2C4A2934009A80B2 /* Preview Content */ = {
			isa = PBXGroup;
			children = (
				73E5965C2C4A2934009A80B2 /* Preview Assets.xcassets */,
			);
			path = "Preview Content";
			sourceTree = "<group>";
		};
		73E596632C4A293B009A80B2 /* Models */ = {
			isa = PBXGroup;
			children = (
				73E596642C4A2954009A80B2 /* Location.swift */,
				73E596662C4A29EB009A80B2 /* Weather.swift */,
			);
			path = Models;
			sourceTree = "<group>";
		};
		73E596682C4A2A61009A80B2 /* Clients */ = {
			isa = PBXGroup;
			children = (
				73E596692C4A2A74009A80B2 /* APIEndpoint.swift */,
				73E5966E2C4A30F1009A80B2 /* GeocodingClient.swift */,
				73E596702C4A31F9009A80B2 /* WeatherClient.swift */,
			);
			path = Clients;
			sourceTree = "<group>";
		};
		73E5966B2C4A2FC5009A80B2 /* Utilities */ = {
			isa = PBXGroup;
			children = (
				73E5966C2C4A2FCC009A80B2 /* Constants.swift */,
			);
			path = Utilities;
			sourceTree = "<group>";
		};
/* End PBXGroup section */

/* Begin PBXNativeTarget section */
		73E596512C4A2932009A80B2 /* Weatherly */ = {
			isa = PBXNativeTarget;
			buildConfigurationList = 73E596602C4A2934009A80B2 /* Build configuration list for PBXNativeTarget "Weatherly" */;
			buildPhases = (
				73E5964E2C4A2932009A80B2 /* Sources */,
				73E5964F2C4A2932009A80B2 /* Frameworks */,
				73E596502C4A2932009A80B2 /* Resources */,
			);
			buildRules = (
			);
			dependencies = (
			);
			name = Weatherly;
			productName = Weatherly;
			productReference = 73E596522C4A2932009A80B2 /* Weatherly.app */;
			productType = "com.apple.product-type.application";
		};
/* End PBXNativeTarget section */

/* Begin PBXProject section */
		73E5964A2C4A2932009A80B2 /* Project object */ = {
			isa = PBXProject;
			attributes = {
				BuildIndependentTargetsInParallel = 1;
				LastSwiftUpdateCheck = 1540;
				LastUpgradeCheck = 1540;
				TargetAttributes = {
					73E596512C4A2932009A80B2 = {
						CreatedOnToolsVersion = 15.4;
					};
				};
			};
			buildConfigurationList = 73E5964D2C4A2932009A80B2 /* Build configuration list for PBXProject "Weatherly" */;
			compatibilityVersion = "Xcode 14.0";
			developmentRegion = en;
			hasScannedForEncodings = 0;
			knownRegions = (
				en,
				Base,
			);
			mainGroup = 73E596492C4A2932009A80B2;
			productRefGroup = 73E596532C4A2932009A80B2 /* Products */;
			projectDirPath = "";
			projectRoot = "";
			targets = (
				73E596512C4A2932009A80B2 /* Weatherly */,
			);
		};
/* End PBXProject section */

/* Begin PBXResourcesBuildPhase section */
		73E596502C4A2932009A80B2 /* Resources */ = {
			isa = PBXResourcesBuildPhase;
			buildActionMask = 2147483647;
			files = (
				73E5965D2C4A2934009A80B2 /* Preview Assets.xcassets in Resources */,
				73E5965A2C4A2934009A80B2 /* Assets.xcassets in Resources */,
			);
			runOnlyForDeploymentPostprocessing = 0;
		};
/* End PBXResourcesBuildPhase section */

/* Begin PBXSourcesBuildPhase section */
		73E5964E2C4A2932009A80B2 /* Sources */ = {
			isa = PBXSourcesBuildPhase;
			buildActionMask = 2147483647;
			files = (
				73E596672C4A29EB009A80B2 /* Weather.swift in Sources */,
				73E596582C4A2932009A80B2 /* ContentView.swift in Sources */,
				73E5966F2C4A30F1009A80B2 /* GeocodingClient.swift in Sources */,
				73E596652C4A2954009A80B2 /* Location.swift in Sources */,
				73E596562C4A2932009A80B2 /* WeatherlyApp.swift in Sources */,
				73E596712C4A31F9009A80B2 /* WeatherClient.swift in Sources */,
				73E5966A2C4A2A74009A80B2 /* APIEndpoint.swift in Sources */,
				733BE0F52C4E42BC004D0FA7 /* MeasurementFormatter+Ext.swift in Sources */,
				73E5966D2C4A2FCC009A80B2 /* Constants.swift in Sources */,
			);
			runOnlyForDeploymentPostprocessing = 0;
		};
/* End PBXSourcesBuildPhase section */

/* Begin XCBuildConfiguration section */
		73E5965E2C4A2934009A80B2 /* Debug */ = {
			isa = XCBuildConfiguration;
			buildSettings = {
				ALWAYS_SEARCH_USER_PATHS = NO;
				ASSETCATALOG_COMPILER_GENERATE_SWIFT_ASSET_SYMBOL_EXTENSIONS = YES;
				CLANG_ANALYZER_NONNULL = YES;
				CLANG_ANALYZER_NUMBER_OBJECT_CONVERSION = YES_AGGRESSIVE;
				CLANG_CXX_LANGUAGE_STANDARD = "gnu++20";
				CLANG_ENABLE_MODULES = YES;
				CLANG_ENABLE_OBJC_ARC = YES;
				CLANG_ENABLE_OBJC_WEAK = YES;
				CLANG_WARN_BLOCK_CAPTURE_AUTORELEASING = YES;
				CLANG_WARN_BOOL_CONVERSION = YES;
				CLANG_WARN_COMMA = YES;
				CLANG_WARN_CONSTANT_CONVERSION = YES;
				CLANG_WARN_DEPRECATED_OBJC_IMPLEMENTATIONS = YES;
				CLANG_WARN_DIRECT_OBJC_ISA_USAGE = YES_ERROR;
				CLANG_WARN_DOCUMENTATION_COMMENTS = YES;
				CLANG_WARN_EMPTY_BODY = YES;
				CLANG_WARN_ENUM_CONVERSION = YES;
				CLANG_WARN_INFINITE_RECURSION = YES;
				CLANG_WARN_INT_CONVERSION = YES;
				CLANG_WARN_NON_LITERAL_NULL_CONVERSION = YES;
				CLANG_WARN_OBJC_IMPLICIT_RETAIN_SELF = YES;
				CLANG_WARN_OBJC_LITERAL_CONVERSION = YES;
				CLANG_WARN_OBJC_ROOT_CLASS = YES_ERROR;
				CLANG_WARN_QUOTED_INCLUDE_IN_FRAMEWORK_HEADER = YES;
				CLANG_WARN_RANGE_LOOP_ANALYSIS = YES;
				CLANG_WARN_STRICT_PROTOTYPES = YES;
				CLANG_WARN_SUSPICIOUS_MOVE = YES;
				CLANG_WARN_UNGUARDED_AVAILABILITY = YES_AGGRESSIVE;
				CLANG_WARN_UNREACHABLE_CODE = YES;
				CLANG_WARN__DUPLICATE_METHOD_MATCH = YES;
				COPY_PHASE_STRIP = NO;
				DEBUG_INFORMATION_FORMAT = dwarf;
				ENABLE_STRICT_OBJC_MSGSEND = YES;
				ENABLE_TESTABILITY = YES;
				ENABLE_USER_SCRIPT_SANDBOXING = YES;
				GCC_C_LANGUAGE_STANDARD = gnu17;
				GCC_DYNAMIC_NO_PIC = NO;
				GCC_NO_COMMON_BLOCKS = YES;
				GCC_OPTIMIZATION_LEVEL = 0;
				GCC_PREPROCESSOR_DEFINITIONS = (
					"DEBUG=1",
					"$(inherited)",
				);
				GCC_WARN_64_TO_32_BIT_CONVERSION = YES;
				GCC_WARN_ABOUT_RETURN_TYPE = YES_ERROR;
				GCC_WARN_UNDECLARED_SELECTOR = YES;
				GCC_WARN_UNINITIALIZED_AUTOS = YES_AGGRESSIVE;
				GCC_WARN_UNUSED_FUNCTION = YES;
				GCC_WARN_UNUSED_VARIABLE = YES;
				IPHONEOS_DEPLOYMENT_TARGET = 17.5;
				LOCALIZATION_PREFERS_STRING_CATALOGS = YES;
				MTL_ENABLE_DEBUG_INFO = INCLUDE_SOURCE;
				MTL_FAST_MATH = YES;
				ONLY_ACTIVE_ARCH = YES;
				SDKROOT = iphoneos;
				SWIFT_ACTIVE_COMPILATION_CONDITIONS = "DEBUG $(inherited)";
				SWIFT_OPTIMIZATION_LEVEL = "-Onone";
			};
			name = Debug;
		};
		73E5965F2C4A2934009A80B2 /* Release */ = {
			isa = XCBuildConfiguration;
			buildSettings = {
				ALWAYS_SEARCH_USER_PATHS = NO;
				ASSETCATALOG_COMPILER_GENERATE_SWIFT_ASSET_SYMBOL_EXTENSIONS = YES;
				CLANG_ANALYZER_NONNULL = YES;
				CLANG_ANALYZER_NUMBER_OBJECT_CONVERSION = YES_AGGRESSIVE;
				CLANG_CXX_LANGUAGE_STANDARD = "gnu++20";
				CLANG_ENABLE_MODULES = YES;
				CLANG_ENABLE_OBJC_ARC = YES;
				CLANG_ENABLE_OBJC_WEAK = YES;
				CLANG_WARN_BLOCK_CAPTURE_AUTORELEASING = YES;
				CLANG_WARN_BOOL_CONVERSION = YES;
				CLANG_WARN_COMMA = YES;
				CLANG_WARN_CONSTANT_CONVERSION = YES;
				CLANG_WARN_DEPRECATED_OBJC_IMPLEMENTATIONS = YES;
				CLANG_WARN_DIRECT_OBJC_ISA_USAGE = YES_ERROR;
				CLANG_WARN_DOCUMENTATION_COMMENTS = YES;
				CLANG_WARN_EMPTY_BODY = YES;
				CLANG_WARN_ENUM_CONVERSION = YES;
				CLANG_WARN_INFINITE_RECURSION = YES;
				CLANG_WARN_INT_CONVERSION = YES;
				CLANG_WARN_NON_LITERAL_NULL_CONVERSION = YES;
				CLANG_WARN_OBJC_IMPLICIT_RETAIN_SELF = YES;
				CLANG_WARN_OBJC_LITERAL_CONVERSION = YES;
				CLANG_WARN_OBJC_ROOT_CLASS = YES_ERROR;
				CLANG_WARN_QUOTED_INCLUDE_IN_FRAMEWORK_HEADER = YES;
				CLANG_WARN_RANGE_LOOP_ANALYSIS = YES;
				CLANG_WARN_STRICT_PROTOTYPES = YES;
				CLANG_WARN_SUSPICIOUS_MOVE = YES;
				CLANG_WARN_UNGUARDED_AVAILABILITY = YES_AGGRESSIVE;
				CLANG_WARN_UNREACHABLE_CODE = YES;
				CLANG_WARN__DUPLICATE_METHOD_MATCH = YES;
				COPY_PHASE_STRIP = NO;
				DEBUG_INFORMATION_FORMAT = "dwarf-with-dsym";
				ENABLE_NS_ASSERTIONS = NO;
				ENABLE_STRICT_OBJC_MSGSEND = YES;
				ENABLE_USER_SCRIPT_SANDBOXING = YES;
				GCC_C_LANGUAGE_STANDARD = gnu17;
				GCC_NO_COMMON_BLOCKS = YES;
				GCC_WARN_64_TO_32_BIT_CONVERSION = YES;
				GCC_WARN_ABOUT_RETURN_TYPE = YES_ERROR;
				GCC_WARN_UNDECLARED_SELECTOR = YES;
				GCC_WARN_UNINITIALIZED_AUTOS = YES_AGGRESSIVE;
				GCC_WARN_UNUSED_FUNCTION = YES;
				GCC_WARN_UNUSED_VARIABLE = YES;
				IPHONEOS_DEPLOYMENT_TARGET = 17.5;
				LOCALIZATION_PREFERS_STRING_CATALOGS = YES;
				MTL_ENABLE_DEBUG_INFO = NO;
				MTL_FAST_MATH = YES;
				SDKROOT = iphoneos;
				SWIFT_COMPILATION_MODE = wholemodule;
				VALIDATE_PRODUCT = YES;
			};
			name = Release;
		};
		73E596612C4A2934009A80B2 /* Debug */ = {
			isa = XCBuildConfiguration;
			buildSettings = {
				ASSETCATALOG_COMPILER_APPICON_NAME = AppIcon;
				ASSETCATALOG_COMPILER_GLOBAL_ACCENT_COLOR_NAME = AccentColor;
				CODE_SIGN_STYLE = Automatic;
				CURRENT_PROJECT_VERSION = 1;
				DEVELOPMENT_ASSET_PATHS = "\"Weatherly/Preview Content\"";
				ENABLE_PREVIEWS = YES;
				GENERATE_INFOPLIST_FILE = YES;
				INFOPLIST_KEY_UIApplicationSceneManifest_Generation = YES;
				INFOPLIST_KEY_UIApplicationSupportsIndirectInputEvents = YES;
				INFOPLIST_KEY_UILaunchScreen_Generation = YES;
				INFOPLIST_KEY_UISupportedInterfaceOrientations_iPad = "UIInterfaceOrientationPortrait UIInterfaceOrientationPortraitUpsideDown UIInterfaceOrientationLandscapeLeft UIInterfaceOrientationLandscapeRight";
				INFOPLIST_KEY_UISupportedInterfaceOrientations_iPhone = "UIInterfaceOrientationPortrait UIInterfaceOrientationLandscapeLeft UIInterfaceOrientationLandscapeRight";
				LD_RUNPATH_SEARCH_PATHS = (
					"$(inherited)",
					"@executable_path/Frameworks",
				);
				MARKETING_VERSION = 1.0;
				PRODUCT_BUNDLE_IDENTIFIER = com.jobnte.Weatherly;
				PRODUCT_NAME = "$(TARGET_NAME)";
				SWIFT_EMIT_LOC_STRINGS = YES;
				SWIFT_VERSION = 5.0;
				TARGETED_DEVICE_FAMILY = "1,2";
			};
			name = Debug;
		};
		73E596622C4A2934009A80B2 /* Release */ = {
			isa = XCBuildConfiguration;
			buildSettings = {
				ASSETCATALOG_COMPILER_APPICON_NAME = AppIcon;
				ASSETCATALOG_COMPILER_GLOBAL_ACCENT_COLOR_NAME = AccentColor;
				CODE_SIGN_STYLE = Automatic;
				CURRENT_PROJECT_VERSION = 1;
				DEVELOPMENT_ASSET_PATHS = "\"Weatherly/Preview Content\"";
				ENABLE_PREVIEWS = YES;
				GENERATE_INFOPLIST_FILE = YES;
				INFOPLIST_KEY_UIApplicationSceneManifest_Generation = YES;
				INFOPLIST_KEY_UIApplicationSupportsIndirectInputEvents = YES;
				INFOPLIST_KEY_UILaunchScreen_Generation = YES;
				INFOPLIST_KEY_UISupportedInterfaceOrientations_iPad = "UIInterfaceOrientationPortrait UIInterfaceOrientationPortraitUpsideDown UIInterfaceOrientationLandscapeLeft UIInterfaceOrientationLandscapeRight";
				INFOPLIST_KEY_UISupportedInterfaceOrientations_iPhone = "UIInterfaceOrientationPortrait UIInterfaceOrientationLandscapeLeft UIInterfaceOrientationLandscapeRight";
				LD_RUNPATH_SEARCH_PATHS = (
					"$(inherited)",
					"@executable_path/Frameworks",
				);
				MARKETING_VERSION = 1.0;
				PRODUCT_BUNDLE_IDENTIFIER = com.jobnte.Weatherly;
				PRODUCT_NAME = "$(TARGET_NAME)";
				SWIFT_EMIT_LOC_STRINGS = YES;
				SWIFT_VERSION = 5.0;
				TARGETED_DEVICE_FAMILY = "1,2";
			};
			name = Release;
		};
/* End XCBuildConfiguration section */

/* Begin XCConfigurationList section */
		73E5964D2C4A2932009A80B2 /* Build configuration list for PBXProject "Weatherly" */ = {
			isa = XCConfigurationList;
			buildConfigurations = (
				73E5965E2C4A2934009A80B2 /* Debug */,
				73E5965F2C4A2934009A80B2 /* Release */,
			);
			defaultConfigurationIsVisible = 0;
			defaultConfigurationName = Release;
		};
		73E596602C4A2934009A80B2 /* Build configuration list for PBXNativeTarget "Weatherly" */ = {
			isa = XCConfigurationList;
			buildConfigurations = (
				73E596612C4A2934009A80B2 /* Debug */,
				73E596622C4A2934009A80B2 /* Release */,
			);
			defaultConfigurationIsVisible = 0;
			defaultConfigurationName = Release;
		};
/* End XCConfigurationList section */
	};
	rootObject = 73E5964A2C4A2932009A80B2 /* Project object */;
}
